
Microsoft Visual Studio Solution File, Format Version 12.00
# Visual Studio Version 17
VisualStudioVersion = 17.8.34322.80
MinimumVisualStudioVersion = 10.0.40219.1
Project("{9A19103F-16F7-4668-BE54-9A1E7A4F7556}") = "Day2", "Day2\Day2.csproj", "{98C86A2E-3627-4FC5-A5D0-A47071952E6D}"
EndProject
Project("{9A19103F-16F7-4668-BE54-9A1E7A4F7556}") = "Day1", "Day1\Day1.csproj", "{1AC9E840-006D-4390-B5F7-26CC8BDF99EA}"
EndProject
Project("{FAE04EC0-301F-11D3-BF4B-00C04F79EFBC}") = "Day3", "Day3\Day3.csproj", "{4D4BD153-174D-4734-AAAE-896CAC216AB3}"
EndProject
Global
	GlobalSection(SolutionConfigurationPlatforms) = preSolution
		Debug|Any CPU = Debug|Any CPU
		Release|Any CPU = Release|Any CPU
	EndGlobalSection
	GlobalSection(ProjectConfigurationPlatforms) = postSolution
		{98C86A2E-3627-4FC5-A5D0-A47071952E6D}.Debug|Any CPU.ActiveCfg = Debug|Any CPU
		{98C86A2E-3627-4FC5-A5D0-A47071952E6D}.Debug|Any CPU.Build.0 = Debug|Any CPU
		{98C86A2E-3627-4FC5-A5D0-A47071952E6D}.Release|Any CPU.ActiveCfg = Release|Any CPU
		{98C86A2E-3627-4FC5-A5D0-A47071952E6D}.Release|Any CPU.Build.0 = Release|Any CPU
		{1AC9E840-006D-4390-B5F7-26CC8BDF99EA}.Debug|Any CPU.ActiveCfg = Debug|Any CPU
		{1AC9E840-006D-4390-B5F7-26CC8BDF99EA}.Debug|Any CPU.Build.0 = Debug|Any CPU
		{1AC9E840-006D-4390-B5F7-26CC8BDF99EA}.Release|Any CPU.ActiveCfg = Release|Any CPU
		{1AC9E840-006D-4390-B5F7-26CC8BDF99EA}.Release|Any CPU.Build.0 = Release|Any CPU
		{4D4BD153-174D-4734-AAAE-896CAC216AB3}.Debug|Any CPU.ActiveCfg = Debug|Any CPU
		{4D4BD153-174D-4734-AAAE-896CAC216AB3}.Debug|Any CPU.Build.0 = Debug|Any CPU
		{4D4BD153-174D-4734-AAAE-896CAC216AB3}.Release|Any CPU.ActiveCfg = Release|Any CPU
		{4D4BD153-174D-4734-AAAE-896CAC216AB3}.Release|Any CPU.Build.0 = Release|Any CPU
	EndGlobalSection
	GlobalSection(SolutionProperties) = preSolution
		HideSolutionNode = FALSE
	EndGlobalSection
	GlobalSection(ExtensibilityGlobals) = postSolution
		SolutionGuid = {6B2B5754-D74C-46A4-A02E-86BD8D175E00}
	EndGlobalSection
EndGlobal
